
Microsoft Visual Studio Solution File, Format Version 12.00
# Visual Studio Version 17
VisualStudioVersion = 17.4.33110.190
MinimumVisualStudioVersion = 10.0.40219.1
Project("{FAE04EC0-301F-11D3-BF4B-00C04F79EFBC}") = "BeserShop", "BeserShop\BeserShop.csproj", "{8CC96A69-2DC8-448B-985D-B96694FBEC39}"
EndProject
Global
	GlobalSection(SolutionConfigurationPlatforms) = preSolution
		Debug|Any CPU = Debug|Any CPU
		Release|Any CPU = Release|Any CPU
	EndGlobalSection
	GlobalSection(ProjectConfigurationPlatforms) = postSolution
		{8CC96A69-2DC8-448B-985D-B96694FBEC39}.Debug|Any CPU.ActiveCfg = Debug|Any CPU
		{8CC96A69-2DC8-448B-985D-B96694FBEC39}.Debug|Any CPU.Build.0 = Debug|Any CPU
		{8CC96A69-2DC8-448B-985D-B96694FBEC39}.Release|Any CPU.ActiveCfg = Release|Any CPU
		{8CC96A69-2DC8-448B-985D-B96694FBEC39}.Release|Any CPU.Build.0 = Release|Any CPU
	EndGlobalSection
	GlobalSection(SolutionProperties) = preSolution
		HideSolutionNode = FALSE
	EndGlobalSection
	GlobalSection(ExtensibilityGlobals) = postSolution
		SolutionGuid = {702EC494-9EDE-4D76-8C0C-C5C5911EDC3A}
	EndGlobalSection
EndGlobal
